// !$*UTF8*$!
{
	archiveVersion = 1;
	classes = {
	};
	objectVersion = 46;
	objects = {

/* Begin PBXBuildFile section */
		F6DAD90C1F01E792000BFC51 /* AppDelegate.swift in Sources */ = {isa = PBXBuildFile; fileRef = F6DAD90B1F01E792000BFC51 /* AppDelegate.swift */; };
		F6DAD90E1F01E792000BFC51 /* MainVC.swift in Sources */ = {isa = PBXBuildFile; fileRef = F6DAD90D1F01E792000BFC51 /* MainVC.swift */; };
		F6DAD9111F01E792000BFC51 /* Main.storyboard in Resources */ = {isa = PBXBuildFile; fileRef = F6DAD90F1F01E792000BFC51 /* Main.storyboard */; };
		F6DAD9141F01E792000BFC51 /* DreamLister.xcdatamodeld in Sources */ = {isa = PBXBuildFile; fileRef = F6DAD9121F01E792000BFC51 /* DreamLister.xcdatamodeld */; };
		F6DAD9191F01E792000BFC51 /* LaunchScreen.storyboard in Resources */ = {isa = PBXBuildFile; fileRef = F6DAD9171F01E792000BFC51 /* LaunchScreen.storyboard */; };
		F6DAD98A1F033F47000BFC51 /* Store+CoreDataClass.swift in Sources */ = {isa = PBXBuildFile; fileRef = F6DAD9821F033F47000BFC51 /* Store+CoreDataClass.swift */; };
		F6DAD98B1F033F47000BFC51 /* Store+CoreDataProperties.swift in Sources */ = {isa = PBXBuildFile; fileRef = F6DAD9831F033F47000BFC51 /* Store+CoreDataProperties.swift */; };
		F6DAD98C1F033F47000BFC51 /* Image+CoreDataClass.swift in Sources */ = {isa = PBXBuildFile; fileRef = F6DAD9841F033F47000BFC51 /* Image+CoreDataClass.swift */; };
		F6DAD98D1F033F47000BFC51 /* Image+CoreDataProperties.swift in Sources */ = {isa = PBXBuildFile; fileRef = F6DAD9851F033F47000BFC51 /* Image+CoreDataProperties.swift */; };
		F6DAD98E1F033F47000BFC51 /* Item+CoreDataClass.swift in Sources */ = {isa = PBXBuildFile; fileRef = F6DAD9861F033F47000BFC51 /* Item+CoreDataClass.swift */; };
		F6DAD98F1F033F47000BFC51 /* Item+CoreDataProperties.swift in Sources */ = {isa = PBXBuildFile; fileRef = F6DAD9871F033F47000BFC51 /* Item+CoreDataProperties.swift */; };
		F6DAD9901F033F47000BFC51 /* ItemType+CoreDataClass.swift in Sources */ = {isa = PBXBuildFile; fileRef = F6DAD9881F033F47000BFC51 /* ItemType+CoreDataClass.swift */; };
		F6DAD9911F033F47000BFC51 /* ItemType+CoreDataProperties.swift in Sources */ = {isa = PBXBuildFile; fileRef = F6DAD9891F033F47000BFC51 /* ItemType+CoreDataProperties.swift */; };
		F6DAD9951F0345E6000BFC51 /* Images.xcassets in Resources */ = {isa = PBXBuildFile; fileRef = F6DAD9941F0345E6000BFC51 /* Images.xcassets */; };
		F6DAD9981F03466F000BFC51 /* MaterialView.swift in Sources */ = {isa = PBXBuildFile; fileRef = F6DAD9971F03466F000BFC51 /* MaterialView.swift */; };
		F6DAD99A1F034901000BFC51 /* ItemCell.swift in Sources */ = {isa = PBXBuildFile; fileRef = F6DAD9991F034901000BFC51 /* ItemCell.swift */; };
		F6DAD99C1F05F155000BFC51 /* Images-2.xcassets in Resources */ = {isa = PBXBuildFile; fileRef = F6DAD99B1F05F155000BFC51 /* Images-2.xcassets */; };
		F6DAD99F1F081A0D000BFC51 /* itemDetailsVC.swift in Sources */ = {isa = PBXBuildFile; fileRef = F6DAD99E1F081A0D000BFC51 /* itemDetailsVC.swift */; };
		F6DAD9A11F081D02000BFC51 /* CustomTextField.swift in Sources */ = {isa = PBXBuildFile; fileRef = F6DAD9A01F081D02000BFC51 /* CustomTextField.swift */; };
/* End PBXBuildFile section */

/* Begin PBXFileReference section */
		F6DAD9081F01E792000BFC51 /* DreamLister.app */ = {isa = PBXFileReference; explicitFileType = wrapper.application; includeInIndex = 0; path = DreamLister.app; sourceTree = BUILT_PRODUCTS_DIR; };
		F6DAD90B1F01E792000BFC51 /* AppDelegate.swift */ = {isa = PBXFileReference; lastKnownFileType = sourcecode.swift; path = AppDelegate.swift; sourceTree = "<group>"; };
		F6DAD90D1F01E792000BFC51 /* MainVC.swift */ = {isa = PBXFileReference; lastKnownFileType = sourcecode.swift; path = MainVC.swift; sourceTree = "<group>"; };
		F6DAD9101F01E792000BFC51 /* Base */ = {isa = PBXFileReference; lastKnownFileType = file.storyboard; name = Base; path = Base.lproj/Main.storyboard; sourceTree = "<group>"; };
		F6DAD9131F01E792000BFC51 /* DreamLister.xcdatamodel */ = {isa = PBXFileReference; lastKnownFileType = wrapper.xcdatamodel; path = DreamLister.xcdatamodel; sourceTree = "<group>"; };
		F6DAD9181F01E792000BFC51 /* Base */ = {isa = PBXFileReference; lastKnownFileType = file.storyboard; name = Base; path = Base.lproj/LaunchScreen.storyboard; sourceTree = "<group>"; };
		F6DAD91A1F01E792000BFC51 /* Info.plist */ = {isa = PBXFileReference; lastKnownFileType = text.plist.xml; path = Info.plist; sourceTree = "<group>"; };
		F6DAD9821F033F47000BFC51 /* Store+CoreDataClass.swift */ = {isa = PBXFileReference; fileEncoding = 4; lastKnownFileType = sourcecode.swift; path = "Store+CoreDataClass.swift"; sourceTree = "<group>"; };
		F6DAD9831F033F47000BFC51 /* Store+CoreDataProperties.swift */ = {isa = PBXFileReference; fileEncoding = 4; lastKnownFileType = sourcecode.swift; path = "Store+CoreDataProperties.swift"; sourceTree = "<group>"; };
		F6DAD9841F033F47000BFC51 /* Image+CoreDataClass.swift */ = {isa = PBXFileReference; fileEncoding = 4; lastKnownFileType = sourcecode.swift; path = "Image+CoreDataClass.swift"; sourceTree = "<group>"; };
		F6DAD9851F033F47000BFC51 /* Image+CoreDataProperties.swift */ = {isa = PBXFileReference; fileEncoding = 4; lastKnownFileType = sourcecode.swift; path = "Image+CoreDataProperties.swift"; sourceTree = "<group>"; };
		F6DAD9861F033F47000BFC51 /* Item+CoreDataClass.swift */ = {isa = PBXFileReference; fileEncoding = 4; lastKnownFileType = sourcecode.swift; path = "Item+CoreDataClass.swift"; sourceTree = "<group>"; };
		F6DAD9871F033F47000BFC51 /* Item+CoreDataProperties.swift */ = {isa = PBXFileReference; fileEncoding = 4; lastKnownFileType = sourcecode.swift; path = "Item+CoreDataProperties.swift"; sourceTree = "<group>"; };
		F6DAD9881F033F47000BFC51 /* ItemType+CoreDataClass.swift */ = {isa = PBXFileReference; fileEncoding = 4; lastKnownFileType = sourcecode.swift; path = "ItemType+CoreDataClass.swift"; sourceTree = "<group>"; };
		F6DAD9891F033F47000BFC51 /* ItemType+CoreDataProperties.swift */ = {isa = PBXFileReference; fileEncoding = 4; lastKnownFileType = sourcecode.swift; path = "ItemType+CoreDataProperties.swift"; sourceTree = "<group>"; };
		F6DAD9941F0345E6000BFC51 /* Images.xcassets */ = {isa = PBXFileReference; lastKnownFileType = folder.assetcatalog; path = Images.xcassets; sourceTree = "<group>"; };
		F6DAD9971F03466F000BFC51 /* MaterialView.swift */ = {isa = PBXFileReference; fileEncoding = 4; lastKnownFileType = sourcecode.swift; path = MaterialView.swift; sourceTree = "<group>"; };
		F6DAD9991F034901000BFC51 /* ItemCell.swift */ = {isa = PBXFileReference; fileEncoding = 4; lastKnownFileType = sourcecode.swift; path = ItemCell.swift; sourceTree = "<group>"; };
		F6DAD99B1F05F155000BFC51 /* Images-2.xcassets */ = {isa = PBXFileReference; lastKnownFileType = folder.assetcatalog; path = "Images-2.xcassets"; sourceTree = "<group>"; };
		F6DAD99E1F081A0D000BFC51 /* itemDetailsVC.swift */ = {isa = PBXFileReference; fileEncoding = 4; lastKnownFileType = sourcecode.swift; path = itemDetailsVC.swift; sourceTree = "<group>"; };
		F6DAD9A01F081D02000BFC51 /* CustomTextField.swift */ = {isa = PBXFileReference; fileEncoding = 4; lastKnownFileType = sourcecode.swift; path = CustomTextField.swift; sourceTree = "<group>"; };
/* End PBXFileReference section */

/* Begin PBXFrameworksBuildPhase section */
		F6DAD9051F01E792000BFC51 /* Frameworks */ = {
			isa = PBXFrameworksBuildPhase;
			buildActionMask = 2147483647;
			files = (
			);
			runOnlyForDeploymentPostprocessing = 0;
		};
/* End PBXFrameworksBuildPhase section */

/* Begin PBXGroup section */
		F6DAD8FF1F01E792000BFC51 = {
			isa = PBXGroup;
			children = (
				F6DAD90A1F01E792000BFC51 /* DreamLister */,
				F6DAD9091F01E792000BFC51 /* Products */,
			);
			sourceTree = "<group>";
		};
		F6DAD9091F01E792000BFC51 /* Products */ = {
			isa = PBXGroup;
			children = (
				F6DAD9081F01E792000BFC51 /* DreamLister.app */,
			);
			name = Products;
			sourceTree = "<group>";
		};
		F6DAD90A1F01E792000BFC51 /* DreamLister */ = {
			isa = PBXGroup;
			children = (
				F6DAD9961F03463E000BFC51 /* View */,
				F6DAD9921F033F5C000BFC51 /* Model */,
				F6DAD99D1F0819C9000BFC51 /* Controller */,
				F6DAD90B1F01E792000BFC51 /* AppDelegate.swift */,
				F6DAD90F1F01E792000BFC51 /* Main.storyboard */,
				F6DAD9941F0345E6000BFC51 /* Images.xcassets */,
				F6DAD9171F01E792000BFC51 /* LaunchScreen.storyboard */,
				F6DAD91A1F01E792000BFC51 /* Info.plist */,
				F6DAD9121F01E792000BFC51 /* DreamLister.xcdatamodeld */,
				F6DAD99B1F05F155000BFC51 /* Images-2.xcassets */,
			);
			path = DreamLister;
			sourceTree = "<group>";
		};
		F6DAD9921F033F5C000BFC51 /* Model */ = {
			isa = PBXGroup;
			children = (
				F6DAD9821F033F47000BFC51 /* Store+CoreDataClass.swift */,
				F6DAD9841F033F47000BFC51 /* Image+CoreDataClass.swift */,
				F6DAD9861F033F47000BFC51 /* Item+CoreDataClass.swift */,
				F6DAD9881F033F47000BFC51 /* ItemType+CoreDataClass.swift */,
				F6DAD9931F033F62000BFC51 /* Generated */,
			);
			name = Model;
			sourceTree = "<group>";
		};
		F6DAD9931F033F62000BFC51 /* Generated */ = {
			isa = PBXGroup;
			children = (
				F6DAD9831F033F47000BFC51 /* Store+CoreDataProperties.swift */,
				F6DAD9851F033F47000BFC51 /* Image+CoreDataProperties.swift */,
				F6DAD9871F033F47000BFC51 /* Item+CoreDataProperties.swift */,
				F6DAD9891F033F47000BFC51 /* ItemType+CoreDataProperties.swift */,
			);
			name = Generated;
			sourceTree = "<group>";
		};
		F6DAD9961F03463E000BFC51 /* View */ = {
			isa = PBXGroup;
			children = (
				F6DAD9A01F081D02000BFC51 /* CustomTextField.swift */,
				F6DAD9971F03466F000BFC51 /* MaterialView.swift */,
				F6DAD9991F034901000BFC51 /* ItemCell.swift */,
			);
			name = View;
			sourceTree = "<group>";
		};
		F6DAD99D1F0819C9000BFC51 /* Controller */ = {
			isa = PBXGroup;
			children = (
				F6DAD90D1F01E792000BFC51 /* MainVC.swift */,
				F6DAD99E1F081A0D000BFC51 /* itemDetailsVC.swift */,
			);
			name = Controller;
			sourceTree = "<group>";
		};
/* End PBXGroup section */

/* Begin PBXNativeTarget section */
		F6DAD9071F01E792000BFC51 /* DreamLister */ = {
			isa = PBXNativeTarget;
			buildConfigurationList = F6DAD91D1F01E792000BFC51 /* Build configuration list for PBXNativeTarget "DreamLister" */;
			buildPhases = (
				F6DAD9041F01E792000BFC51 /* Sources */,
				F6DAD9051F01E792000BFC51 /* Frameworks */,
				F6DAD9061F01E792000BFC51 /* Resources */,
			);
			buildRules = (
			);
			dependencies = (
			);
			name = DreamLister;
			productName = DreamLister;
			productReference = F6DAD9081F01E792000BFC51 /* DreamLister.app */;
			productType = "com.apple.product-type.application";
		};
/* End PBXNativeTarget section */

/* Begin PBXProject section */
		F6DAD9001F01E792000BFC51 /* Project object */ = {
			isa = PBXProject;
			attributes = {
				LastSwiftUpdateCheck = 0830;
				LastUpgradeCheck = 0830;
				ORGANIZATIONNAME = "Ricardo Herrera Petit";
				TargetAttributes = {
					F6DAD9071F01E792000BFC51 = {
						CreatedOnToolsVersion = 8.3.2;
						DevelopmentTeam = AMLYNCKP6M;
						ProvisioningStyle = Automatic;
					};
				};
			};
			buildConfigurationList = F6DAD9031F01E792000BFC51 /* Build configuration list for PBXProject "DreamLister" */;
			compatibilityVersion = "Xcode 3.2";
			developmentRegion = English;
			hasScannedForEncodings = 0;
			knownRegions = (
				en,
				Base,
			);
			mainGroup = F6DAD8FF1F01E792000BFC51;
			productRefGroup = F6DAD9091F01E792000BFC51 /* Products */;
			projectDirPath = "";
			projectRoot = "";
			targets = (
				F6DAD9071F01E792000BFC51 /* DreamLister */,
			);
		};
/* End PBXProject section */

/* Begin PBXResourcesBuildPhase section */
		F6DAD9061F01E792000BFC51 /* Resources */ = {
			isa = PBXResourcesBuildPhase;
			buildActionMask = 2147483647;
			files = (
				F6DAD9951F0345E6000BFC51 /* Images.xcassets in Resources */,
				F6DAD9191F01E792000BFC51 /* LaunchScreen.storyboard in Resources */,
				F6DAD99C1F05F155000BFC51 /* Images-2.xcassets in Resources */,
				F6DAD9111F01E792000BFC51 /* Main.storyboard in Resources */,
			);
			runOnlyForDeploymentPostprocessing = 0;
		};
/* End PBXResourcesBuildPhase section */

/* Begin PBXSourcesBuildPhase section */
		F6DAD9041F01E792000BFC51 /* Sources */ = {
			isa = PBXSourcesBuildPhase;
			buildActionMask = 2147483647;
			files = (
				F6DAD99A1F034901000BFC51 /* ItemCell.swift in Sources */,
				F6DAD98B1F033F47000BFC51 /* Store+CoreDataProperties.swift in Sources */,
				F6DAD90E1F01E792000BFC51 /* MainVC.swift in Sources */,
				F6DAD9901F033F47000BFC51 /* ItemType+CoreDataClass.swift in Sources */,
				F6DAD9981F03466F000BFC51 /* MaterialView.swift in Sources */,
				F6DAD98A1F033F47000BFC51 /* Store+CoreDataClass.swift in Sources */,
				F6DAD98C1F033F47000BFC51 /* Image+CoreDataClass.swift in Sources */,
				F6DAD90C1F01E792000BFC51 /* AppDelegate.swift in Sources */,
				F6DAD99F1F081A0D000BFC51 /* itemDetailsVC.swift in Sources */,
				F6DAD9141F01E792000BFC51 /* DreamLister.xcdatamodeld in Sources */,
				F6DAD9911F033F47000BFC51 /* ItemType+CoreDataProperties.swift in Sources */,
				F6DAD98F1F033F47000BFC51 /* Item+CoreDataProperties.swift in Sources */,
				F6DAD98E1F033F47000BFC51 /* Item+CoreDataClass.swift in Sources */,
				F6DAD98D1F033F47000BFC51 /* Image+CoreDataProperties.swift in Sources */,
				F6DAD9A11F081D02000BFC51 /* CustomTextField.swift in Sources */,
			);
			runOnlyForDeploymentPostprocessing = 0;
		};
/* End PBXSourcesBuildPhase section */

/* Begin PBXVariantGroup section */
		F6DAD90F1F01E792000BFC51 /* Main.storyboard */ = {
			isa = PBXVariantGroup;
			children = (
				F6DAD9101F01E792000BFC51 /* Base */,
			);
			name = Main.storyboard;
			sourceTree = "<group>";
		};
		F6DAD9171F01E792000BFC51 /* LaunchScreen.storyboard */ = {
			isa = PBXVariantGroup;
			children = (
				F6DAD9181F01E792000BFC51 /* Base */,
			);
			name = LaunchScreen.storyboard;
			sourceTree = "<group>";
		};
/* End PBXVariantGroup section */

/* Begin XCBuildConfiguration section */
		F6DAD91B1F01E792000BFC51 /* Debug */ = {
			isa = XCBuildConfiguration;
			buildSettings = {
				ALWAYS_SEARCH_USER_PATHS = NO;
				CLANG_ANALYZER_NONNULL = YES;
				CLANG_ANALYZER_NUMBER_OBJECT_CONVERSION = YES_AGGRESSIVE;
				CLANG_CXX_LANGUAGE_STANDARD = "gnu++0x";
				CLANG_CXX_LIBRARY = "libc++";
				CLANG_ENABLE_MODULES = YES;
				CLANG_ENABLE_OBJC_ARC = YES;
				CLANG_WARN_BOOL_CONVERSION = YES;
				CLANG_WARN_CONSTANT_CONVERSION = YES;
				CLANG_WARN_DIRECT_OBJC_ISA_USAGE = YES_ERROR;
				CLANG_WARN_DOCUMENTATION_COMMENTS = YES;
				CLANG_WARN_EMPTY_BODY = YES;
				CLANG_WARN_ENUM_CONVERSION = YES;
				CLANG_WARN_INFINITE_RECURSION = YES;
				CLANG_WARN_INT_CONVERSION = YES;
				CLANG_WARN_OBJC_ROOT_CLASS = YES_ERROR;
				CLANG_WARN_SUSPICIOUS_MOVE = YES;
				CLANG_WARN_UNREACHABLE_CODE = YES;
				CLANG_WARN__DUPLICATE_METHOD_MATCH = YES;
				"CODE_SIGN_IDENTITY[sdk=iphoneos*]" = "iPhone Developer";
				COPY_PHASE_STRIP = NO;
				DEBUG_INFORMATION_FORMAT = dwarf;
				ENABLE_STRICT_OBJC_MSGSEND = YES;
				ENABLE_TESTABILITY = YES;
				GCC_C_LANGUAGE_STANDARD = gnu99;
				GCC_DYNAMIC_NO_PIC = NO;
				GCC_NO_COMMON_BLOCKS = YES;
				GCC_OPTIMIZATION_LEVEL = 0;
				GCC_PREPROCESSOR_DEFINITIONS = (
					"DEBUG=1",
					"$(inherited)",
				);
				GCC_WARN_64_TO_32_BIT_CONVERSION = YES;
				GCC_WARN_ABOUT_RETURN_TYPE = YES_ERROR;
				GCC_WARN_UNDECLARED_SELECTOR = YES;
				GCC_WARN_UNINITIALIZED_AUTOS = YES_AGGRESSIVE;
				GCC_WARN_UNUSED_FUNCTION = YES;
				GCC_WARN_UNUSED_VARIABLE = YES;
				IPHONEOS_DEPLOYMENT_TARGET = 10.3;
				MTL_ENABLE_DEBUG_INFO = YES;
				ONLY_ACTIVE_ARCH = YES;
				SDKROOT = iphoneos;
				SWIFT_ACTIVE_COMPILATION_CONDITIONS = DEBUG;
				SWIFT_OPTIMIZATION_LEVEL = "-Onone";
			};
			name = Debug;
		};
		F6DAD91C1F01E792000BFC51 /* Release */ = {
			isa = XCBuildConfiguration;
			buildSettings = {
				ALWAYS_SEARCH_USER_PATHS = NO;
				CLANG_ANALYZER_NONNULL = YES;
				CLANG_ANALYZER_NUMBER_OBJECT_CONVERSION = YES_AGGRESSIVE;
				CLANG_CXX_LANGUAGE_STANDARD = "gnu++0x";
				CLANG_CXX_LIBRARY = "libc++";
				CLANG_ENABLE_MODULES = YES;
				CLANG_ENABLE_OBJC_ARC = YES;
				CLANG_WARN_BOOL_CONVERSION = YES;
				CLANG_WARN_CONSTANT_CONVERSION = YES;
				CLANG_WARN_DIRECT_OBJC_ISA_USAGE = YES_ERROR;
				CLANG_WARN_DOCUMENTATION_COMMENTS = YES;
				CLANG_WARN_EMPTY_BODY = YES;
				CLANG_WARN_ENUM_CONVERSION = YES;
				CLANG_WARN_INFINITE_RECURSION = YES;
				CLANG_WARN_INT_CONVERSION = YES;
				CLANG_WARN_OBJC_ROOT_CLASS = YES_ERROR;
				CLANG_WARN_SUSPICIOUS_MOVE = YES;
				CLANG_WARN_UNREACHABLE_CODE = YES;
				CLANG_WARN__DUPLICATE_METHOD_MATCH = YES;
				"CODE_SIGN_IDENTITY[sdk=iphoneos*]" = "iPhone Developer";
				COPY_PHASE_STRIP = NO;
				DEBUG_INFORMATION_FORMAT = "dwarf-with-dsym";
				ENABLE_NS_ASSERTIONS = NO;
				ENABLE_STRICT_OBJC_MSGSEND = YES;
				GCC_C_LANGUAGE_STANDARD = gnu99;
				GCC_NO_COMMON_BLOCKS = YES;
				GCC_WARN_64_TO_32_BIT_CONVERSION = YES;
				GCC_WARN_ABOUT_RETURN_TYPE = YES_ERROR;
				GCC_WARN_UNDECLARED_SELECTOR = YES;
				GCC_WARN_UNINITIALIZED_AUTOS = YES_AGGRESSIVE;
				GCC_WARN_UNUSED_FUNCTION = YES;
				GCC_WARN_UNUSED_VARIABLE = YES;
				IPHONEOS_DEPLOYMENT_TARGET = 10.3;
				MTL_ENABLE_DEBUG_INFO = NO;
				SDKROOT = iphoneos;
				SWIFT_OPTIMIZATION_LEVEL = "-Owholemodule";
				VALIDATE_PRODUCT = YES;
			};
			name = Release;
		};
		F6DAD91E1F01E792000BFC51 /* Debug */ = {
			isa = XCBuildConfiguration;
			buildSettings = {
				ASSETCATALOG_COMPILER_APPICON_NAME = AppIcon;
				ASSETCATALOG_COMPILER_LAUNCHIMAGE_NAME = LaunchImage;
				DEVELOPMENT_TEAM = AMLYNCKP6M;
				INFOPLIST_FILE = DreamLister/Info.plist;
				LD_RUNPATH_SEARCH_PATHS = "$(inherited) @executable_path/Frameworks";
				PRODUCT_BUNDLE_IDENTIFIER = petitcoding.rhp.DreamLister;
				PRODUCT_NAME = "$(TARGET_NAME)";
				SWIFT_VERSION = 3.0;
			};
			name = Debug;
		};
		F6DAD91F1F01E792000BFC51 /* Release */ = {
			isa = XCBuildConfiguration;
			buildSettings = {
				ASSETCATALOG_COMPILER_APPICON_NAME = AppIcon;
				ASSETCATALOG_COMPILER_LAUNCHIMAGE_NAME = LaunchImage;
				DEVELOPMENT_TEAM = AMLYNCKP6M;
				INFOPLIST_FILE = DreamLister/Info.plist;
				LD_RUNPATH_SEARCH_PATHS = "$(inherited) @executable_path/Frameworks";
				PRODUCT_BUNDLE_IDENTIFIER = petitcoding.rhp.DreamLister;
				PRODUCT_NAME = "$(TARGET_NAME)";
				SWIFT_VERSION = 3.0;
			};
			name = Release;
		};
/* End XCBuildConfiguration section */

/* Begin XCConfigurationList section */
		F6DAD9031F01E792000BFC51 /* Build configuration list for PBXProject "DreamLister" */ = {
			isa = XCConfigurationList;
			buildConfigurations = (
				F6DAD91B1F01E792000BFC51 /* Debug */,
				F6DAD91C1F01E792000BFC51 /* Release */,
			);
			defaultConfigurationIsVisible = 0;
			defaultConfigurationName = Release;
		};
		F6DAD91D1F01E792000BFC51 /* Build configuration list for PBXNativeTarget "DreamLister" */ = {
			isa = XCConfigurationList;
			buildConfigurations = (
				F6DAD91E1F01E792000BFC51 /* Debug */,
				F6DAD91F1F01E792000BFC51 /* Release */,
			);
			defaultConfigurationIsVisible = 0;
			defaultConfigurationName = Release;
		};
/* End XCConfigurationList section */

/* Begin XCVersionGroup section */
		F6DAD9121F01E792000BFC51 /* DreamLister.xcdatamodeld */ = {
			isa = XCVersionGroup;
			children = (
				F6DAD9131F01E792000BFC51 /* DreamLister.xcdatamodel */,
			);
			currentVersion = F6DAD9131F01E792000BFC51 /* DreamLister.xcdatamodel */;
			path = DreamLister.xcdatamodeld;
			sourceTree = "<group>";
			versionGroupType = wrapper.xcdatamodel;
		};
/* End XCVersionGroup section */
	};
	rootObject = F6DAD9001F01E792000BFC51 /* Project object */;
}
